
Microsoft Visual Studio Solution File, Format Version 12.00
# Visual Studio Version 16
VisualStudioVersion = 16.0.28803.916
MinimumVisualStudioVersion = 10.0.40219.1
Project("{F184B08F-C81C-45F6-A57F-5ABD9991F28F}") = "sys_uciel", "sys_uciel\sys_uciel.vbproj", "{852E4597-626C-440D-8591-0BAE523CB28C}"
EndProject
Global
	GlobalSection(SolutionConfigurationPlatforms) = preSolution
		Debug|Any CPU = Debug|Any CPU
		Release|Any CPU = Release|Any CPU
	EndGlobalSection
	GlobalSection(ProjectConfigurationPlatforms) = postSolution
		{852E4597-626C-440D-8591-0BAE523CB28C}.Debug|Any CPU.ActiveCfg = Debug|Any CPU
		{852E4597-626C-440D-8591-0BAE523CB28C}.Debug|Any CPU.Build.0 = Debug|Any CPU
		{852E4597-626C-440D-8591-0BAE523CB28C}.Release|Any CPU.ActiveCfg = Release|Any CPU
		{852E4597-626C-440D-8591-0BAE523CB28C}.Release|Any CPU.Build.0 = Release|Any CPU
	EndGlobalSection
	GlobalSection(SolutionProperties) = preSolution
		HideSolutionNode = FALSE
	EndGlobalSection
	GlobalSection(ExtensibilityGlobals) = postSolution
		SolutionGuid = {CFB5BED7-FD9C-4C68-B739-A3B99BCBF45F}
	EndGlobalSection
EndGlobal
